[{<<"cowboy">>,{pkg,<<"cowboy">>,<<"1.0.4">>},0},
 {<<"cowlib">>,{pkg,<<"cowlib">>,<<"1.0.2">>},1},
 {<<"eper">>,
  {git,"git://github.com/mhald/eper.git",
       {ref,"1db9122c043a4d70312c58c908f01f52068ce03e"}},
  1},
 {<<"getopt">>,
  {git,"https://github.com/jcomellas/getopt",
       {ref,"388dc95caa7fb97ec7db8cfc39246a36aba61bd8"}},
  1},
 {<<"goldrush">>,{pkg,<<"goldrush">>,<<"0.1.7">>},1},
 {<<"jiffy">>,
  {git,"https://github.com/davisp/jiffy.git",
       {ref,"c65273f8a4e1eaf4a5fff0250f2c82e2818ce610"}},
  0},
 {<<"lager">>,{pkg,<<"lager">>,<<"3.0.2">>},0},
 {<<"png">>,{pkg,<<"png">>,<<"0.1.1">>},0},
 {<<"proper">>,
  {git,"git://github.com/manopapad/proper.git",
       {ref,"2b93ff12d8caa8e23e207b04a6aff04bc2d47a63"}},
  1},
 {<<"ranch">>,{pkg,<<"ranch">>,<<"1.2.0">>},1},
 {<<"worker_pool">>,
  {git,"https://github.com/inaka/worker_pool.git",
       {ref,"5789bde4a95122edd1079dd0fe8fccf6dbeb92e1"}},
  0},
 {<<"xref_runner">>,
  {git,"https://github.com/inaka/xref_runner.git",
       {ref,"2e3cf1c27554926181fa51c58c044e7f9bfb5851"}},
  0}].
